// !$*UTF8*$!
{
	archiveVersion = 1;
	classes = {
	};
	objectVersion = 56;
	objects = {

/* Begin PBXBuildFile section */
		CE05D6D62B6C2AF0005A4577 /* BudgetApp.swift in Sources */ = {isa = PBXBuildFile; fileRef = CE05D6D52B6C2AF0005A4577 /* BudgetApp.swift */; };
		CE05D6D82B6C2AF0005A4577 /* ContentView.swift in Sources */ = {isa = PBXBuildFile; fileRef = CE05D6D72B6C2AF0005A4577 /* ContentView.swift */; };
		CE05D6DA2B6C2AF0005A4577 /* Assets.xcassets in Resources */ = {isa = PBXBuildFile; fileRef = CE05D6D92B6C2AF0005A4577 /* Assets.xcassets */; };
		CE05D6DD2B6C2AF0005A4577 /* Preview Assets.xcassets in Resources */ = {isa = PBXBuildFile; fileRef = CE05D6DC2B6C2AF0005A4577 /* Preview Assets.xcassets */; };
		CE05D6DF2B6C2AF0005A4577 /* Persistence.swift in Sources */ = {isa = PBXBuildFile; fileRef = CE05D6DE2B6C2AF0005A4577 /* Persistence.swift */; };
		CE05D6E22B6C2AF0005A4577 /* Budget.xcdatamodeld in Sources */ = {isa = PBXBuildFile; fileRef = CE05D6E02B6C2AF0005A4577 /* Budget.xcdatamodeld */; };
		CE05D6EC2B6C2AF0005A4577 /* BudgetTests.swift in Sources */ = {isa = PBXBuildFile; fileRef = CE05D6EB2B6C2AF0005A4577 /* BudgetTests.swift */; };
		CE05D6F62B6C2AF0005A4577 /* BudgetUITests.swift in Sources */ = {isa = PBXBuildFile; fileRef = CE05D6F52B6C2AF0005A4577 /* BudgetUITests.swift */; };
		CE05D6F82B6C2AF0005A4577 /* BudgetUITestsLaunchTests.swift in Sources */ = {isa = PBXBuildFile; fileRef = CE05D6F72B6C2AF0005A4577 /* BudgetUITestsLaunchTests.swift */; };
		CE05D7092B6C2C0C005A4577 /* BudgetCategory.swift in Sources */ = {isa = PBXBuildFile; fileRef = CE05D7082B6C2C0C005A4577 /* BudgetCategory.swift */; };
		CE05D70B2B6C2E37005A4577 /* Transaction.swift in Sources */ = {isa = PBXBuildFile; fileRef = CE05D70A2B6C2E37005A4577 /* Transaction.swift */; };
		CE05D70D2B6C2E5E005A4577 /* Budget.swift in Sources */ = {isa = PBXBuildFile; fileRef = CE05D70C2B6C2E5E005A4577 /* Budget.swift */; };
		CE05D70F2B6C54E0005A4577 /* BudgetsView.swift in Sources */ = {isa = PBXBuildFile; fileRef = CE05D70E2B6C54E0005A4577 /* BudgetsView.swift */; };
/* End PBXBuildFile section */

/* Begin PBXContainerItemProxy section */
		CE05D6E82B6C2AF0005A4577 /* PBXContainerItemProxy */ = {
			isa = PBXContainerItemProxy;
			containerPortal = CE05D6CA2B6C2AF0005A4577 /* Project object */;
			proxyType = 1;
			remoteGlobalIDString = CE05D6D12B6C2AF0005A4577;
			remoteInfo = Budget;
		};
		CE05D6F22B6C2AF0005A4577 /* PBXContainerItemProxy */ = {
			isa = PBXContainerItemProxy;
			containerPortal = CE05D6CA2B6C2AF0005A4577 /* Project object */;
			proxyType = 1;
			remoteGlobalIDString = CE05D6D12B6C2AF0005A4577;
			remoteInfo = Budget;
		};
/* End PBXContainerItemProxy section */

/* Begin PBXFileReference section */
		CE05D6D22B6C2AF0005A4577 /* Budget.app */ = {isa = PBXFileReference; explicitFileType = wrapper.application; includeInIndex = 0; path = Budget.app; sourceTree = BUILT_PRODUCTS_DIR; };
		CE05D6D52B6C2AF0005A4577 /* BudgetApp.swift */ = {isa = PBXFileReference; lastKnownFileType = sourcecode.swift; path = BudgetApp.swift; sourceTree = "<group>"; };
		CE05D6D72B6C2AF0005A4577 /* ContentView.swift */ = {isa = PBXFileReference; lastKnownFileType = sourcecode.swift; path = ContentView.swift; sourceTree = "<group>"; };
		CE05D6D92B6C2AF0005A4577 /* Assets.xcassets */ = {isa = PBXFileReference; lastKnownFileType = folder.assetcatalog; path = Assets.xcassets; sourceTree = "<group>"; };
		CE05D6DC2B6C2AF0005A4577 /* Preview Assets.xcassets */ = {isa = PBXFileReference; lastKnownFileType = folder.assetcatalog; path = "Preview Assets.xcassets"; sourceTree = "<group>"; };
		CE05D6DE2B6C2AF0005A4577 /* Persistence.swift */ = {isa = PBXFileReference; lastKnownFileType = sourcecode.swift; path = Persistence.swift; sourceTree = "<group>"; };
		CE05D6E12B6C2AF0005A4577 /* Budget.xcdatamodel */ = {isa = PBXFileReference; lastKnownFileType = wrapper.xcdatamodel; path = Budget.xcdatamodel; sourceTree = "<group>"; };
		CE05D6E72B6C2AF0005A4577 /* BudgetTests.xctest */ = {isa = PBXFileReference; explicitFileType = wrapper.cfbundle; includeInIndex = 0; path = BudgetTests.xctest; sourceTree = BUILT_PRODUCTS_DIR; };
		CE05D6EB2B6C2AF0005A4577 /* BudgetTests.swift */ = {isa = PBXFileReference; lastKnownFileType = sourcecode.swift; path = BudgetTests.swift; sourceTree = "<group>"; };
		CE05D6F12B6C2AF0005A4577 /* BudgetUITests.xctest */ = {isa = PBXFileReference; explicitFileType = wrapper.cfbundle; includeInIndex = 0; path = BudgetUITests.xctest; sourceTree = BUILT_PRODUCTS_DIR; };
		CE05D6F52B6C2AF0005A4577 /* BudgetUITests.swift */ = {isa = PBXFileReference; lastKnownFileType = sourcecode.swift; path = BudgetUITests.swift; sourceTree = "<group>"; };
		CE05D6F72B6C2AF0005A4577 /* BudgetUITestsLaunchTests.swift */ = {isa = PBXFileReference; lastKnownFileType = sourcecode.swift; path = BudgetUITestsLaunchTests.swift; sourceTree = "<group>"; };
		CE05D7082B6C2C0C005A4577 /* BudgetCategory.swift */ = {isa = PBXFileReference; lastKnownFileType = sourcecode.swift; path = BudgetCategory.swift; sourceTree = "<group>"; };
		CE05D70A2B6C2E37005A4577 /* Transaction.swift */ = {isa = PBXFileReference; lastKnownFileType = sourcecode.swift; path = Transaction.swift; sourceTree = "<group>"; };
		CE05D70C2B6C2E5E005A4577 /* Budget.swift */ = {isa = PBXFileReference; lastKnownFileType = sourcecode.swift; path = Budget.swift; sourceTree = "<group>"; };
		CE05D70E2B6C54E0005A4577 /* BudgetsView.swift */ = {isa = PBXFileReference; lastKnownFileType = sourcecode.swift; path = BudgetsView.swift; sourceTree = "<group>"; };
/* End PBXFileReference section */

/* Begin PBXFrameworksBuildPhase section */
		CE05D6CF2B6C2AF0005A4577 /* Frameworks */ = {
			isa = PBXFrameworksBuildPhase;
			buildActionMask = 2147483647;
			files = (
			);
			runOnlyForDeploymentPostprocessing = 0;
		};
		CE05D6E42B6C2AF0005A4577 /* Frameworks */ = {
			isa = PBXFrameworksBuildPhase;
			buildActionMask = 2147483647;
			files = (
			);
			runOnlyForDeploymentPostprocessing = 0;
		};
		CE05D6EE2B6C2AF0005A4577 /* Frameworks */ = {
			isa = PBXFrameworksBuildPhase;
			buildActionMask = 2147483647;
			files = (
			);
			runOnlyForDeploymentPostprocessing = 0;
		};
/* End PBXFrameworksBuildPhase section */

/* Begin PBXGroup section */
		CE05D6C92B6C2AF0005A4577 = {
			isa = PBXGroup;
			children = (
				CE05D6D42B6C2AF0005A4577 /* Budget */,
				CE05D6EA2B6C2AF0005A4577 /* BudgetTests */,
				CE05D6F42B6C2AF0005A4577 /* BudgetUITests */,
				CE05D6D32B6C2AF0005A4577 /* Products */,
			);
			sourceTree = "<group>";
		};
		CE05D6D32B6C2AF0005A4577 /* Products */ = {
			isa = PBXGroup;
			children = (
				CE05D6D22B6C2AF0005A4577 /* Budget.app */,
				CE05D6E72B6C2AF0005A4577 /* BudgetTests.xctest */,
				CE05D6F12B6C2AF0005A4577 /* BudgetUITests.xctest */,
			);
			name = Products;
			sourceTree = "<group>";
		};
		CE05D6D42B6C2AF0005A4577 /* Budget */ = {
			isa = PBXGroup;
			children = (
				CE05D7072B6C2B71005A4577 /* Helpers */,
				CE05D7062B6C2B6B005A4577 /* ViewModels */,
				CE05D7052B6C2B52005A4577 /* Views */,
				CE05D7042B6C2B4B005A4577 /* Models */,
				CE05D6D52B6C2AF0005A4577 /* BudgetApp.swift */,
				CE05D6D72B6C2AF0005A4577 /* ContentView.swift */,
				CE05D6D92B6C2AF0005A4577 /* Assets.xcassets */,
				CE05D6DE2B6C2AF0005A4577 /* Persistence.swift */,
				CE05D6E02B6C2AF0005A4577 /* Budget.xcdatamodeld */,
				CE05D6DB2B6C2AF0005A4577 /* Preview Content */,
			);
			path = Budget;
			sourceTree = "<group>";
		};
		CE05D6DB2B6C2AF0005A4577 /* Preview Content */ = {
			isa = PBXGroup;
			children = (
				CE05D6DC2B6C2AF0005A4577 /* Preview Assets.xcassets */,
			);
			path = "Preview Content";
			sourceTree = "<group>";
		};
		CE05D6EA2B6C2AF0005A4577 /* BudgetTests */ = {
			isa = PBXGroup;
			children = (
				CE05D6EB2B6C2AF0005A4577 /* BudgetTests.swift */,
			);
			path = BudgetTests;
			sourceTree = "<group>";
		};
		CE05D6F42B6C2AF0005A4577 /* BudgetUITests */ = {
			isa = PBXGroup;
			children = (
				CE05D6F52B6C2AF0005A4577 /* BudgetUITests.swift */,
				CE05D6F72B6C2AF0005A4577 /* BudgetUITestsLaunchTests.swift */,
			);
			path = BudgetUITests;
			sourceTree = "<group>";
		};
		CE05D7042B6C2B4B005A4577 /* Models */ = {
			isa = PBXGroup;
			children = (
				CE05D7082B6C2C0C005A4577 /* BudgetCategory.swift */,
				CE05D70A2B6C2E37005A4577 /* Transaction.swift */,
				CE05D70C2B6C2E5E005A4577 /* Budget.swift */,
			);
			path = Models;
			sourceTree = "<group>";
		};
		CE05D7052B6C2B52005A4577 /* Views */ = {
			isa = PBXGroup;
			children = (
				CE05D70E2B6C54E0005A4577 /* BudgetsView.swift */,
			);
			path = Views;
			sourceTree = "<group>";
		};
		CE05D7062B6C2B6B005A4577 /* ViewModels */ = {
			isa = PBXGroup;
			children = (
			);
			path = ViewModels;
			sourceTree = "<group>";
		};
		CE05D7072B6C2B71005A4577 /* Helpers */ = {
			isa = PBXGroup;
			children = (
			);
			path = Helpers;
			sourceTree = "<group>";
		};
/* End PBXGroup section */

/* Begin PBXNativeTarget section */
		CE05D6D12B6C2AF0005A4577 /* Budget */ = {
			isa = PBXNativeTarget;
			buildConfigurationList = CE05D6FB2B6C2AF0005A4577 /* Build configuration list for PBXNativeTarget "Budget" */;
			buildPhases = (
				CE05D6CE2B6C2AF0005A4577 /* Sources */,
				CE05D6CF2B6C2AF0005A4577 /* Frameworks */,
				CE05D6D02B6C2AF0005A4577 /* Resources */,
			);
			buildRules = (
			);
			dependencies = (
			);
			name = Budget;
			productName = Budget;
			productReference = CE05D6D22B6C2AF0005A4577 /* Budget.app */;
			productType = "com.apple.product-type.application";
		};
		CE05D6E62B6C2AF0005A4577 /* BudgetTests */ = {
			isa = PBXNativeTarget;
			buildConfigurationList = CE05D6FE2B6C2AF0005A4577 /* Build configuration list for PBXNativeTarget "BudgetTests" */;
			buildPhases = (
				CE05D6E32B6C2AF0005A4577 /* Sources */,
				CE05D6E42B6C2AF0005A4577 /* Frameworks */,
				CE05D6E52B6C2AF0005A4577 /* Resources */,
			);
			buildRules = (
			);
			dependencies = (
				CE05D6E92B6C2AF0005A4577 /* PBXTargetDependency */,
			);
			name = BudgetTests;
			productName = BudgetTests;
			productReference = CE05D6E72B6C2AF0005A4577 /* BudgetTests.xctest */;
			productType = "com.apple.product-type.bundle.unit-test";
		};
		CE05D6F02B6C2AF0005A4577 /* BudgetUITests */ = {
			isa = PBXNativeTarget;
			buildConfigurationList = CE05D7012B6C2AF0005A4577 /* Build configuration list for PBXNativeTarget "BudgetUITests" */;
			buildPhases = (
				CE05D6ED2B6C2AF0005A4577 /* Sources */,
				CE05D6EE2B6C2AF0005A4577 /* Frameworks */,
				CE05D6EF2B6C2AF0005A4577 /* Resources */,
			);
			buildRules = (
			);
			dependencies = (
				CE05D6F32B6C2AF0005A4577 /* PBXTargetDependency */,
			);
			name = BudgetUITests;
			productName = BudgetUITests;
			productReference = CE05D6F12B6C2AF0005A4577 /* BudgetUITests.xctest */;
			productType = "com.apple.product-type.bundle.ui-testing";
		};
/* End PBXNativeTarget section */

/* Begin PBXProject section */
		CE05D6CA2B6C2AF0005A4577 /* Project object */ = {
			isa = PBXProject;
			attributes = {
				BuildIndependentTargetsInParallel = 1;
				LastSwiftUpdateCheck = 1500;
				LastUpgradeCheck = 1500;
				TargetAttributes = {
					CE05D6D12B6C2AF0005A4577 = {
						CreatedOnToolsVersion = 15.0.1;
					};
					CE05D6E62B6C2AF0005A4577 = {
						CreatedOnToolsVersion = 15.0.1;
						TestTargetID = CE05D6D12B6C2AF0005A4577;
					};
					CE05D6F02B6C2AF0005A4577 = {
						CreatedOnToolsVersion = 15.0.1;
						TestTargetID = CE05D6D12B6C2AF0005A4577;
					};
				};
			};
			buildConfigurationList = CE05D6CD2B6C2AF0005A4577 /* Build configuration list for PBXProject "Budget" */;
			compatibilityVersion = "Xcode 14.0";
			developmentRegion = en;
			hasScannedForEncodings = 0;
			knownRegions = (
				en,
				Base,
			);
			mainGroup = CE05D6C92B6C2AF0005A4577;
			productRefGroup = CE05D6D32B6C2AF0005A4577 /* Products */;
			projectDirPath = "";
			projectRoot = "";
			targets = (
				CE05D6D12B6C2AF0005A4577 /* Budget */,
				CE05D6E62B6C2AF0005A4577 /* BudgetTests */,
				CE05D6F02B6C2AF0005A4577 /* BudgetUITests */,
			);
		};
/* End PBXProject section */

/* Begin PBXResourcesBuildPhase section */
		CE05D6D02B6C2AF0005A4577 /* Resources */ = {
			isa = PBXResourcesBuildPhase;
			buildActionMask = 2147483647;
			files = (
				CE05D6DD2B6C2AF0005A4577 /* Preview Assets.xcassets in Resources */,
				CE05D6DA2B6C2AF0005A4577 /* Assets.xcassets in Resources */,
			);
			runOnlyForDeploymentPostprocessing = 0;
		};
		CE05D6E52B6C2AF0005A4577 /* Resources */ = {
			isa = PBXResourcesBuildPhase;
			buildActionMask = 2147483647;
			files = (
			);
			runOnlyForDeploymentPostprocessing = 0;
		};
		CE05D6EF2B6C2AF0005A4577 /* Resources */ = {
			isa = PBXResourcesBuildPhase;
			buildActionMask = 2147483647;
			files = (
			);
			runOnlyForDeploymentPostprocessing = 0;
		};
/* End PBXResourcesBuildPhase section */

/* Begin PBXSourcesBuildPhase section */
		CE05D6CE2B6C2AF0005A4577 /* Sources */ = {
			isa = PBXSourcesBuildPhase;
			buildActionMask = 2147483647;
			files = (
				CE05D7092B6C2C0C005A4577 /* BudgetCategory.swift in Sources */,
				CE05D6DF2B6C2AF0005A4577 /* Persistence.swift in Sources */,
				CE05D70B2B6C2E37005A4577 /* Transaction.swift in Sources */,
				CE05D6D82B6C2AF0005A4577 /* ContentView.swift in Sources */,
				CE05D6E22B6C2AF0005A4577 /* Budget.xcdatamodeld in Sources */,
				CE05D70F2B6C54E0005A4577 /* BudgetsView.swift in Sources */,
				CE05D70D2B6C2E5E005A4577 /* Budget.swift in Sources */,
				CE05D6D62B6C2AF0005A4577 /* BudgetApp.swift in Sources */,
			);
			runOnlyForDeploymentPostprocessing = 0;
		};
		CE05D6E32B6C2AF0005A4577 /* Sources */ = {
			isa = PBXSourcesBuildPhase;
			buildActionMask = 2147483647;
			files = (
				CE05D6EC2B6C2AF0005A4577 /* BudgetTests.swift in Sources */,
			);
			runOnlyForDeploymentPostprocessing = 0;
		};
		CE05D6ED2B6C2AF0005A4577 /* Sources */ = {
			isa = PBXSourcesBuildPhase;
			buildActionMask = 2147483647;
			files = (
				CE05D6F62B6C2AF0005A4577 /* BudgetUITests.swift in Sources */,
				CE05D6F82B6C2AF0005A4577 /* BudgetUITestsLaunchTests.swift in Sources */,
			);
			runOnlyForDeploymentPostprocessing = 0;
		};
/* End PBXSourcesBuildPhase section */

/* Begin PBXTargetDependency section */
		CE05D6E92B6C2AF0005A4577 /* PBXTargetDependency */ = {
			isa = PBXTargetDependency;
			target = CE05D6D12B6C2AF0005A4577 /* Budget */;
			targetProxy = CE05D6E82B6C2AF0005A4577 /* PBXContainerItemProxy */;
		};
		CE05D6F32B6C2AF0005A4577 /* PBXTargetDependency */ = {
			isa = PBXTargetDependency;
			target = CE05D6D12B6C2AF0005A4577 /* Budget */;
			targetProxy = CE05D6F22B6C2AF0005A4577 /* PBXContainerItemProxy */;
		};
/* End PBXTargetDependency section */

/* Begin XCBuildConfiguration section */
		CE05D6F92B6C2AF0005A4577 /* Debug */ = {
			isa = XCBuildConfiguration;
			buildSettings = {
				ALWAYS_SEARCH_USER_PATHS = NO;
				ASSETCATALOG_COMPILER_GENERATE_SWIFT_ASSET_SYMBOL_EXTENSIONS = YES;
				CLANG_ANALYZER_NONNULL = YES;
				CLANG_ANALYZER_NUMBER_OBJECT_CONVERSION = YES_AGGRESSIVE;
				CLANG_CXX_LANGUAGE_STANDARD = "gnu++20";
				CLANG_ENABLE_MODULES = YES;
				CLANG_ENABLE_OBJC_ARC = YES;
				CLANG_ENABLE_OBJC_WEAK = YES;
				CLANG_WARN_BLOCK_CAPTURE_AUTORELEASING = YES;
				CLANG_WARN_BOOL_CONVERSION = YES;
				CLANG_WARN_COMMA = YES;
				CLANG_WARN_CONSTANT_CONVERSION = YES;
				CLANG_WARN_DEPRECATED_OBJC_IMPLEMENTATIONS = YES;
				CLANG_WARN_DIRECT_OBJC_ISA_USAGE = YES_ERROR;
				CLANG_WARN_DOCUMENTATION_COMMENTS = YES;
				CLANG_WARN_EMPTY_BODY = YES;
				CLANG_WARN_ENUM_CONVERSION = YES;
				CLANG_WARN_INFINITE_RECURSION = YES;
				CLANG_WARN_INT_CONVERSION = YES;
				CLANG_WARN_NON_LITERAL_NULL_CONVERSION = YES;
				CLANG_WARN_OBJC_IMPLICIT_RETAIN_SELF = YES;
				CLANG_WARN_OBJC_LITERAL_CONVERSION = YES;
				CLANG_WARN_OBJC_ROOT_CLASS = YES_ERROR;
				CLANG_WARN_QUOTED_INCLUDE_IN_FRAMEWORK_HEADER = YES;
				CLANG_WARN_RANGE_LOOP_ANALYSIS = YES;
				CLANG_WARN_STRICT_PROTOTYPES = YES;
				CLANG_WARN_SUSPICIOUS_MOVE = YES;
				CLANG_WARN_UNGUARDED_AVAILABILITY = YES_AGGRESSIVE;
				CLANG_WARN_UNREACHABLE_CODE = YES;
				CLANG_WARN__DUPLICATE_METHOD_MATCH = YES;
				COPY_PHASE_STRIP = NO;
				DEBUG_INFORMATION_FORMAT = dwarf;
				ENABLE_STRICT_OBJC_MSGSEND = YES;
				ENABLE_TESTABILITY = YES;
				ENABLE_USER_SCRIPT_SANDBOXING = YES;
				GCC_C_LANGUAGE_STANDARD = gnu17;
				GCC_DYNAMIC_NO_PIC = NO;
				GCC_NO_COMMON_BLOCKS = YES;
				GCC_OPTIMIZATION_LEVEL = 0;
				GCC_PREPROCESSOR_DEFINITIONS = (
					"DEBUG=1",
					"$(inherited)",
				);
				GCC_WARN_64_TO_32_BIT_CONVERSION = YES;
				GCC_WARN_ABOUT_RETURN_TYPE = YES_ERROR;
				GCC_WARN_UNDECLARED_SELECTOR = YES;
				GCC_WARN_UNINITIALIZED_AUTOS = YES_AGGRESSIVE;
				GCC_WARN_UNUSED_FUNCTION = YES;
				GCC_WARN_UNUSED_VARIABLE = YES;
				IPHONEOS_DEPLOYMENT_TARGET = 17.0;
				LOCALIZATION_PREFERS_STRING_CATALOGS = YES;
				MTL_ENABLE_DEBUG_INFO = INCLUDE_SOURCE;
				MTL_FAST_MATH = YES;
				ONLY_ACTIVE_ARCH = YES;
				SDKROOT = iphoneos;
				SWIFT_ACTIVE_COMPILATION_CONDITIONS = "DEBUG $(inherited)";
				SWIFT_OPTIMIZATION_LEVEL = "-Onone";
			};
			name = Debug;
		};
		CE05D6FA2B6C2AF0005A4577 /* Release */ = {
			isa = XCBuildConfiguration;
			buildSettings = {
				ALWAYS_SEARCH_USER_PATHS = NO;
				ASSETCATALOG_COMPILER_GENERATE_SWIFT_ASSET_SYMBOL_EXTENSIONS = YES;
				CLANG_ANALYZER_NONNULL = YES;
				CLANG_ANALYZER_NUMBER_OBJECT_CONVERSION = YES_AGGRESSIVE;
				CLANG_CXX_LANGUAGE_STANDARD = "gnu++20";
				CLANG_ENABLE_MODULES = YES;
				CLANG_ENABLE_OBJC_ARC = YES;
				CLANG_ENABLE_OBJC_WEAK = YES;
				CLANG_WARN_BLOCK_CAPTURE_AUTORELEASING = YES;
				CLANG_WARN_BOOL_CONVERSION = YES;
				CLANG_WARN_COMMA = YES;
				CLANG_WARN_CONSTANT_CONVERSION = YES;
				CLANG_WARN_DEPRECATED_OBJC_IMPLEMENTATIONS = YES;
				CLANG_WARN_DIRECT_OBJC_ISA_USAGE = YES_ERROR;
				CLANG_WARN_DOCUMENTATION_COMMENTS = YES;
				CLANG_WARN_EMPTY_BODY = YES;
				CLANG_WARN_ENUM_CONVERSION = YES;
				CLANG_WARN_INFINITE_RECURSION = YES;
				CLANG_WARN_INT_CONVERSION = YES;
				CLANG_WARN_NON_LITERAL_NULL_CONVERSION = YES;
				CLANG_WARN_OBJC_IMPLICIT_RETAIN_SELF = YES;
				CLANG_WARN_OBJC_LITERAL_CONVERSION = YES;
				CLANG_WARN_OBJC_ROOT_CLASS = YES_ERROR;
				CLANG_WARN_QUOTED_INCLUDE_IN_FRAMEWORK_HEADER = YES;
				CLANG_WARN_RANGE_LOOP_ANALYSIS = YES;
				CLANG_WARN_STRICT_PROTOTYPES = YES;
				CLANG_WARN_SUSPICIOUS_MOVE = YES;
				CLANG_WARN_UNGUARDED_AVAILABILITY = YES_AGGRESSIVE;
				CLANG_WARN_UNREACHABLE_CODE = YES;
				CLANG_WARN__DUPLICATE_METHOD_MATCH = YES;
				COPY_PHASE_STRIP = NO;
				DEBUG_INFORMATION_FORMAT = "dwarf-with-dsym";
				ENABLE_NS_ASSERTIONS = NO;
				ENABLE_STRICT_OBJC_MSGSEND = YES;
				ENABLE_USER_SCRIPT_SANDBOXING = YES;
				GCC_C_LANGUAGE_STANDARD = gnu17;
				GCC_NO_COMMON_BLOCKS = YES;
				GCC_WARN_64_TO_32_BIT_CONVERSION = YES;
				GCC_WARN_ABOUT_RETURN_TYPE = YES_ERROR;
				GCC_WARN_UNDECLARED_SELECTOR = YES;
				GCC_WARN_UNINITIALIZED_AUTOS = YES_AGGRESSIVE;
				GCC_WARN_UNUSED_FUNCTION = YES;
				GCC_WARN_UNUSED_VARIABLE = YES;
				IPHONEOS_DEPLOYMENT_TARGET = 17.0;
				LOCALIZATION_PREFERS_STRING_CATALOGS = YES;
				MTL_ENABLE_DEBUG_INFO = NO;
				MTL_FAST_MATH = YES;
				SDKROOT = iphoneos;
				SWIFT_COMPILATION_MODE = wholemodule;
				VALIDATE_PRODUCT = YES;
			};
			name = Release;
		};
		CE05D6FC2B6C2AF0005A4577 /* Debug */ = {
			isa = XCBuildConfiguration;
			buildSettings = {
				ASSETCATALOG_COMPILER_APPICON_NAME = AppIcon;
				ASSETCATALOG_COMPILER_GLOBAL_ACCENT_COLOR_NAME = AccentColor;
				CODE_SIGN_STYLE = Automatic;
				CURRENT_PROJECT_VERSION = 1;
				DEVELOPMENT_ASSET_PATHS = "\"Budget/Preview Content\"";
				DEVELOPMENT_TEAM = N552UCJ2P4;
				ENABLE_PREVIEWS = YES;
				GENERATE_INFOPLIST_FILE = YES;
				INFOPLIST_KEY_UIApplicationSceneManifest_Generation = YES;
				INFOPLIST_KEY_UIApplicationSupportsIndirectInputEvents = YES;
				INFOPLIST_KEY_UILaunchScreen_Generation = YES;
				INFOPLIST_KEY_UISupportedInterfaceOrientations_iPad = "UIInterfaceOrientationPortrait UIInterfaceOrientationPortraitUpsideDown UIInterfaceOrientationLandscapeLeft UIInterfaceOrientationLandscapeRight";
				INFOPLIST_KEY_UISupportedInterfaceOrientations_iPhone = "UIInterfaceOrientationPortrait UIInterfaceOrientationLandscapeLeft UIInterfaceOrientationLandscapeRight";
				LD_RUNPATH_SEARCH_PATHS = (
					"$(inherited)",
					"@executable_path/Frameworks",
				);
				MARKETING_VERSION = 1.0;
				PRODUCT_BUNDLE_IDENTIFIER = com.ntharani.Budget;
				PRODUCT_NAME = "$(TARGET_NAME)";
				SWIFT_EMIT_LOC_STRINGS = YES;
				SWIFT_VERSION = 5.0;
				TARGETED_DEVICE_FAMILY = "1,2";
			};
			name = Debug;
		};
		CE05D6FD2B6C2AF0005A4577 /* Release */ = {
			isa = XCBuildConfiguration;
			buildSettings = {
				ASSETCATALOG_COMPILER_APPICON_NAME = AppIcon;
				ASSETCATALOG_COMPILER_GLOBAL_ACCENT_COLOR_NAME = AccentColor;
				CODE_SIGN_STYLE = Automatic;
				CURRENT_PROJECT_VERSION = 1;
				DEVELOPMENT_ASSET_PATHS = "\"Budget/Preview Content\"";
				DEVELOPMENT_TEAM = N552UCJ2P4;
				ENABLE_PREVIEWS = YES;
				GENERATE_INFOPLIST_FILE = YES;
				INFOPLIST_KEY_UIApplicationSceneManifest_Generation = YES;
				INFOPLIST_KEY_UIApplicationSupportsIndirectInputEvents = YES;
				INFOPLIST_KEY_UILaunchScreen_Generation = YES;
				INFOPLIST_KEY_UISupportedInterfaceOrientations_iPad = "UIInterfaceOrientationPortrait UIInterfaceOrientationPortraitUpsideDown UIInterfaceOrientationLandscapeLeft UIInterfaceOrientationLandscapeRight";
				INFOPLIST_KEY_UISupportedInterfaceOrientations_iPhone = "UIInterfaceOrientationPortrait UIInterfaceOrientationLandscapeLeft UIInterfaceOrientationLandscapeRight";
				LD_RUNPATH_SEARCH_PATHS = (
					"$(inherited)",
					"@executable_path/Frameworks",
				);
				MARKETING_VERSION = 1.0;
				PRODUCT_BUNDLE_IDENTIFIER = com.ntharani.Budget;
				PRODUCT_NAME = "$(TARGET_NAME)";
				SWIFT_EMIT_LOC_STRINGS = YES;
				SWIFT_VERSION = 5.0;
				TARGETED_DEVICE_FAMILY = "1,2";
			};
			name = Release;
		};
		CE05D6FF2B6C2AF0005A4577 /* Debug */ = {
			isa = XCBuildConfiguration;
			buildSettings = {
				ALWAYS_EMBED_SWIFT_STANDARD_LIBRARIES = YES;
				BUNDLE_LOADER = "$(TEST_HOST)";
				CODE_SIGN_STYLE = Automatic;
				CURRENT_PROJECT_VERSION = 1;
				DEVELOPMENT_TEAM = N552UCJ2P4;
				GENERATE_INFOPLIST_FILE = YES;
				IPHONEOS_DEPLOYMENT_TARGET = 17.0;
				MARKETING_VERSION = 1.0;
				PRODUCT_BUNDLE_IDENTIFIER = com.ntharani.BudgetTests;
				PRODUCT_NAME = "$(TARGET_NAME)";
				SWIFT_EMIT_LOC_STRINGS = NO;
				SWIFT_VERSION = 5.0;
				TARGETED_DEVICE_FAMILY = "1,2";
				TEST_HOST = "$(BUILT_PRODUCTS_DIR)/Budget.app/$(BUNDLE_EXECUTABLE_FOLDER_PATH)/Budget";
			};
			name = Debug;
		};
		CE05D7002B6C2AF0005A4577 /* Release */ = {
			isa = XCBuildConfiguration;
			buildSettings = {
				ALWAYS_EMBED_SWIFT_STANDARD_LIBRARIES = YES;
				BUNDLE_LOADER = "$(TEST_HOST)";
				CODE_SIGN_STYLE = Automatic;
				CURRENT_PROJECT_VERSION = 1;
				DEVELOPMENT_TEAM = N552UCJ2P4;
				GENERATE_INFOPLIST_FILE = YES;
				IPHONEOS_DEPLOYMENT_TARGET = 17.0;
				MARKETING_VERSION = 1.0;
				PRODUCT_BUNDLE_IDENTIFIER = com.ntharani.BudgetTests;
				PRODUCT_NAME = "$(TARGET_NAME)";
				SWIFT_EMIT_LOC_STRINGS = NO;
				SWIFT_VERSION = 5.0;
				TARGETED_DEVICE_FAMILY = "1,2";
				TEST_HOST = "$(BUILT_PRODUCTS_DIR)/Budget.app/$(BUNDLE_EXECUTABLE_FOLDER_PATH)/Budget";
			};
			name = Release;
		};
		CE05D7022B6C2AF0005A4577 /* Debug */ = {
			isa = XCBuildConfiguration;
			buildSettings = {
				ALWAYS_EMBED_SWIFT_STANDARD_LIBRARIES = YES;
				CODE_SIGN_STYLE = Automatic;
				CURRENT_PROJECT_VERSION = 1;
				DEVELOPMENT_TEAM = N552UCJ2P4;
				GENERATE_INFOPLIST_FILE = YES;
				MARKETING_VERSION = 1.0;
				PRODUCT_BUNDLE_IDENTIFIER = com.ntharani.BudgetUITests;
				PRODUCT_NAME = "$(TARGET_NAME)";
				SWIFT_EMIT_LOC_STRINGS = NO;
				SWIFT_VERSION = 5.0;
				TARGETED_DEVICE_FAMILY = "1,2";
				TEST_TARGET_NAME = Budget;
			};
			name = Debug;
		};
		CE05D7032B6C2AF0005A4577 /* Release */ = {
			isa = XCBuildConfiguration;
			buildSettings = {
				ALWAYS_EMBED_SWIFT_STANDARD_LIBRARIES = YES;
				CODE_SIGN_STYLE = Automatic;
				CURRENT_PROJECT_VERSION = 1;
				DEVELOPMENT_TEAM = N552UCJ2P4;
				GENERATE_INFOPLIST_FILE = YES;
				MARKETING_VERSION = 1.0;
				PRODUCT_BUNDLE_IDENTIFIER = com.ntharani.BudgetUITests;
				PRODUCT_NAME = "$(TARGET_NAME)";
				SWIFT_EMIT_LOC_STRINGS = NO;
				SWIFT_VERSION = 5.0;
				TARGETED_DEVICE_FAMILY = "1,2";
				TEST_TARGET_NAME = Budget;
			};
			name = Release;
		};
/* End XCBuildConfiguration section */

/* Begin XCConfigurationList section */
		CE05D6CD2B6C2AF0005A4577 /* Build configuration list for PBXProject "Budget" */ = {
			isa = XCConfigurationList;
			buildConfigurations = (
				CE05D6F92B6C2AF0005A4577 /* Debug */,
				CE05D6FA2B6C2AF0005A4577 /* Release */,
			);
			defaultConfigurationIsVisible = 0;
			defaultConfigurationName = Release;
		};
		CE05D6FB2B6C2AF0005A4577 /* Build configuration list for PBXNativeTarget "Budget" */ = {
			isa = XCConfigurationList;
			buildConfigurations = (
				CE05D6FC2B6C2AF0005A4577 /* Debug */,
				CE05D6FD2B6C2AF0005A4577 /* Release */,
			);
			defaultConfigurationIsVisible = 0;
			defaultConfigurationName = Release;
		};
		CE05D6FE2B6C2AF0005A4577 /* Build configuration list for PBXNativeTarget "BudgetTests" */ = {
			isa = XCConfigurationList;
			buildConfigurations = (
				CE05D6FF2B6C2AF0005A4577 /* Debug */,
				CE05D7002B6C2AF0005A4577 /* Release */,
			);
			defaultConfigurationIsVisible = 0;
			defaultConfigurationName = Release;
		};
		CE05D7012B6C2AF0005A4577 /* Build configuration list for PBXNativeTarget "BudgetUITests" */ = {
			isa = XCConfigurationList;
			buildConfigurations = (
				CE05D7022B6C2AF0005A4577 /* Debug */,
				CE05D7032B6C2AF0005A4577 /* Release */,
			);
			defaultConfigurationIsVisible = 0;
			defaultConfigurationName = Release;
		};
/* End XCConfigurationList section */

/* Begin XCVersionGroup section */
		CE05D6E02B6C2AF0005A4577 /* Budget.xcdatamodeld */ = {
			isa = XCVersionGroup;
			children = (
				CE05D6E12B6C2AF0005A4577 /* Budget.xcdatamodel */,
			);
			currentVersion = CE05D6E12B6C2AF0005A4577 /* Budget.xcdatamodel */;
			path = Budget.xcdatamodeld;
			sourceTree = "<group>";
			versionGroupType = wrapper.xcdatamodel;
		};
/* End XCVersionGroup section */
	};
	rootObject = CE05D6CA2B6C2AF0005A4577 /* Project object */;
}
